
Microsoft Visual Studio Solution File, Format Version 12.00
# Visual Studio Version 16
VisualStudioVersion = 16.0.29911.84
MinimumVisualStudioVersion = 10.0.40219.1
Project("{8BC9CEB8-8B4A-11D0-8D11-00A0C91BC942}") = "LearnCpp", "LearnCpp\LearnCpp.vcxproj", "{A99258CC-3185-457B-812E-755407288C9C}"
EndProject
Project("{8BC9CEB8-8B4A-11D0-8D11-00A0C91BC942}") = "PlayingWithHeaderGuards", "PlayingWithHeaderGuards\PlayingWithHeaderGuards.vcxproj", "{8F7A1307-A9BF-4A1A-B800-87363DC8D0BB}"
EndProject
Project("{8BC9CEB8-8B4A-11D0-8D11-00A0C91BC942}") = "Debugging", "Debugging\Debugging.vcxproj", "{91C8FBA2-13DE-49C6-ABF0-457C47B46887}"
EndProject
Project("{8BC9CEB8-8B4A-11D0-8D11-00A0C91BC942}") = "DataTypes", "DataTypes\DataTypes.vcxproj", "{3B9614CE-1850-493E-A2C4-4CAE296A5EDB}"
EndProject
Project("{8BC9CEB8-8B4A-11D0-8D11-00A0C91BC942}") = "Operators", "Operators\Operators.vcxproj", "{E5911F30-1748-4E1C-9C08-992B5BA90D54}"
EndProject
Project("{8BC9CEB8-8B4A-11D0-8D11-00A0C91BC942}") = "BitManipulation", "BitManipulation\BitManipulation.vcxproj", "{A18091EB-6F66-41CB-A9D4-114546D66133}"
EndProject
Project("{8BC9CEB8-8B4A-11D0-8D11-00A0C91BC942}") = "ObjectScopeAndConversions", "ObjectScopeAndConversions\ObjectScopeAndConversions.vcxproj", "{A9CE2018-7111-40CE-BB4A-17174F5E34BB}"
EndProject
Global
	GlobalSection(SolutionConfigurationPlatforms) = preSolution
		Debug|x64 = Debug|x64
		Debug|x86 = Debug|x86
		Release|x64 = Release|x64
		Release|x86 = Release|x86
	EndGlobalSection
	GlobalSection(ProjectConfigurationPlatforms) = postSolution
		{A99258CC-3185-457B-812E-755407288C9C}.Debug|x64.ActiveCfg = Debug|x64
		{A99258CC-3185-457B-812E-755407288C9C}.Debug|x64.Build.0 = Debug|x64
		{A99258CC-3185-457B-812E-755407288C9C}.Debug|x86.ActiveCfg = Debug|Win32
		{A99258CC-3185-457B-812E-755407288C9C}.Debug|x86.Build.0 = Debug|Win32
		{A99258CC-3185-457B-812E-755407288C9C}.Release|x64.ActiveCfg = Release|x64
		{A99258CC-3185-457B-812E-755407288C9C}.Release|x64.Build.0 = Release|x64
		{A99258CC-3185-457B-812E-755407288C9C}.Release|x86.ActiveCfg = Release|Win32
		{A99258CC-3185-457B-812E-755407288C9C}.Release|x86.Build.0 = Release|Win32
		{8F7A1307-A9BF-4A1A-B800-87363DC8D0BB}.Debug|x64.ActiveCfg = Debug|x64
		{8F7A1307-A9BF-4A1A-B800-87363DC8D0BB}.Debug|x64.Build.0 = Debug|x64
		{8F7A1307-A9BF-4A1A-B800-87363DC8D0BB}.Debug|x86.ActiveCfg = Debug|Win32
		{8F7A1307-A9BF-4A1A-B800-87363DC8D0BB}.Debug|x86.Build.0 = Debug|Win32
		{8F7A1307-A9BF-4A1A-B800-87363DC8D0BB}.Release|x64.ActiveCfg = Release|x64
		{8F7A1307-A9BF-4A1A-B800-87363DC8D0BB}.Release|x64.Build.0 = Release|x64
		{8F7A1307-A9BF-4A1A-B800-87363DC8D0BB}.Release|x86.ActiveCfg = Release|Win32
		{8F7A1307-A9BF-4A1A-B800-87363DC8D0BB}.Release|x86.Build.0 = Release|Win32
		{91C8FBA2-13DE-49C6-ABF0-457C47B46887}.Debug|x64.ActiveCfg = Debug|x64
		{91C8FBA2-13DE-49C6-ABF0-457C47B46887}.Debug|x64.Build.0 = Debug|x64
		{91C8FBA2-13DE-49C6-ABF0-457C47B46887}.Debug|x86.ActiveCfg = Debug|Win32
		{91C8FBA2-13DE-49C6-ABF0-457C47B46887}.Debug|x86.Build.0 = Debug|Win32
		{91C8FBA2-13DE-49C6-ABF0-457C47B46887}.Release|x64.ActiveCfg = Release|x64
		{91C8FBA2-13DE-49C6-ABF0-457C47B46887}.Release|x64.Build.0 = Release|x64
		{91C8FBA2-13DE-49C6-ABF0-457C47B46887}.Release|x86.ActiveCfg = Release|Win32
		{91C8FBA2-13DE-49C6-ABF0-457C47B46887}.Release|x86.Build.0 = Release|Win32
		{3B9614CE-1850-493E-A2C4-4CAE296A5EDB}.Debug|x64.ActiveCfg = Debug|x64
		{3B9614CE-1850-493E-A2C4-4CAE296A5EDB}.Debug|x64.Build.0 = Debug|x64
		{3B9614CE-1850-493E-A2C4-4CAE296A5EDB}.Debug|x86.ActiveCfg = Debug|Win32
		{3B9614CE-1850-493E-A2C4-4CAE296A5EDB}.Debug|x86.Build.0 = Debug|Win32
		{3B9614CE-1850-493E-A2C4-4CAE296A5EDB}.Release|x64.ActiveCfg = Release|x64
		{3B9614CE-1850-493E-A2C4-4CAE296A5EDB}.Release|x64.Build.0 = Release|x64
		{3B9614CE-1850-493E-A2C4-4CAE296A5EDB}.Release|x86.ActiveCfg = Release|Win32
		{3B9614CE-1850-493E-A2C4-4CAE296A5EDB}.Release|x86.Build.0 = Release|Win32
		{E5911F30-1748-4E1C-9C08-992B5BA90D54}.Debug|x64.ActiveCfg = Debug|x64
		{E5911F30-1748-4E1C-9C08-992B5BA90D54}.Debug|x64.Build.0 = Debug|x64
		{E5911F30-1748-4E1C-9C08-992B5BA90D54}.Debug|x86.ActiveCfg = Debug|Win32
		{E5911F30-1748-4E1C-9C08-992B5BA90D54}.Debug|x86.Build.0 = Debug|Win32
		{E5911F30-1748-4E1C-9C08-992B5BA90D54}.Release|x64.ActiveCfg = Release|x64
		{E5911F30-1748-4E1C-9C08-992B5BA90D54}.Release|x64.Build.0 = Release|x64
		{E5911F30-1748-4E1C-9C08-992B5BA90D54}.Release|x86.ActiveCfg = Release|Win32
		{E5911F30-1748-4E1C-9C08-992B5BA90D54}.Release|x86.Build.0 = Release|Win32
		{A18091EB-6F66-41CB-A9D4-114546D66133}.Debug|x64.ActiveCfg = Debug|x64
		{A18091EB-6F66-41CB-A9D4-114546D66133}.Debug|x64.Build.0 = Debug|x64
		{A18091EB-6F66-41CB-A9D4-114546D66133}.Debug|x86.ActiveCfg = Debug|Win32
		{A18091EB-6F66-41CB-A9D4-114546D66133}.Debug|x86.Build.0 = Debug|Win32
		{A18091EB-6F66-41CB-A9D4-114546D66133}.Release|x64.ActiveCfg = Release|x64
		{A18091EB-6F66-41CB-A9D4-114546D66133}.Release|x64.Build.0 = Release|x64
		{A18091EB-6F66-41CB-A9D4-114546D66133}.Release|x86.ActiveCfg = Release|Win32
		{A18091EB-6F66-41CB-A9D4-114546D66133}.Release|x86.Build.0 = Release|Win32
		{A9CE2018-7111-40CE-BB4A-17174F5E34BB}.Debug|x64.ActiveCfg = Debug|x64
		{A9CE2018-7111-40CE-BB4A-17174F5E34BB}.Debug|x64.Build.0 = Debug|x64
		{A9CE2018-7111-40CE-BB4A-17174F5E34BB}.Debug|x86.ActiveCfg = Debug|Win32
		{A9CE2018-7111-40CE-BB4A-17174F5E34BB}.Debug|x86.Build.0 = Debug|Win32
		{A9CE2018-7111-40CE-BB4A-17174F5E34BB}.Release|x64.ActiveCfg = Release|x64
		{A9CE2018-7111-40CE-BB4A-17174F5E34BB}.Release|x64.Build.0 = Release|x64
		{A9CE2018-7111-40CE-BB4A-17174F5E34BB}.Release|x86.ActiveCfg = Release|Win32
		{A9CE2018-7111-40CE-BB4A-17174F5E34BB}.Release|x86.Build.0 = Release|Win32
	EndGlobalSection
	GlobalSection(SolutionProperties) = preSolution
		HideSolutionNode = FALSE
	EndGlobalSection
	GlobalSection(ExtensibilityGlobals) = postSolution
		SolutionGuid = {30FD5788-1741-4047-ADCC-B198145D3260}
	EndGlobalSection
EndGlobal
