
Microsoft Visual Studio Solution File, Format Version 12.00
# Visual Studio Version 16
VisualStudioVersion = 16.0.30114.105
MinimumVisualStudioVersion = 10.0.40219.1
Project("{8BC9CEB8-8B4A-11D0-8D11-00A0C91BC942}") = "Exceptions", "Exceptions\Exceptions.vcxproj", "{D75139AE-A323-4B55-A3B3-E9AB48ED0BBB}"
EndProject
Project("{8BC9CEB8-8B4A-11D0-8D11-00A0C91BC942}") = "StandardExceptions", "StandardExceptions\StandardExceptions.vcxproj", "{BC85A8D1-79CA-4FEE-882F-EC47146B8AE3}"
EndProject
Project("{8BC9CEB8-8B4A-11D0-8D11-00A0C91BC942}") = "CustomExceptions", "CustomExceptions\CustomExceptions.vcxproj", "{0F87ABB3-33FF-45E5-977E-3C1FFD0B7AEF}"
EndProject
Project("{8BC9CEB8-8B4A-11D0-8D11-00A0C91BC942}") = "ExceptionCatchingOrder", "ExceptionCatchingOrder\ExceptionCatchingOrder.vcxproj", "{19971D52-552D-4999-A6BD-FD84878A8A1E}"
EndProject
Project("{8BC9CEB8-8B4A-11D0-8D11-00A0C91BC942}") = "Vectors", "Vectors\Vectors.vcxproj", "{AA65E904-74FB-47E7-B681-476E3132F748}"
EndProject
Project("{8BC9CEB8-8B4A-11D0-8D11-00A0C91BC942}") = "2DVectors", "2DVectors\2DVectors.vcxproj", "{EB20AF0B-EFE9-49EC-8F43-D534B5AA5310}"
EndProject
Project("{8BC9CEB8-8B4A-11D0-8D11-00A0C91BC942}") = "Lists", "Lists\Lists.vcxproj", "{E806BB80-0370-4F2A-9813-F264AC758936}"
EndProject
Project("{8BC9CEB8-8B4A-11D0-8D11-00A0C91BC942}") = "Maps", "Maps\Maps.vcxproj", "{BBD6D436-6E04-46F6-B34B-14223B7E83D2}"
EndProject
Project("{8BC9CEB8-8B4A-11D0-8D11-00A0C91BC942}") = "CustomObjectsMap", "CustomObjectsMap\CustomObjectsMap.vcxproj", "{9F5DDEB5-57D5-4A22-B9EF-3757D54BE257}"
EndProject
Project("{8BC9CEB8-8B4A-11D0-8D11-00A0C91BC942}") = "Multimaps", "Multimaps\Multimaps.vcxproj", "{EE7D3C1C-60FD-4370-AC88-45201C4A6047}"
EndProject
Project("{8BC9CEB8-8B4A-11D0-8D11-00A0C91BC942}") = "Sets", "Sets\Sets.vcxproj", "{AAA0E9ED-A6A7-4C91-8154-C16A846E6CEB}"
EndProject
Global
	GlobalSection(SolutionConfigurationPlatforms) = preSolution
		Debug|x64 = Debug|x64
		Debug|x86 = Debug|x86
		Release|x64 = Release|x64
		Release|x86 = Release|x86
	EndGlobalSection
	GlobalSection(ProjectConfigurationPlatforms) = postSolution
		{D75139AE-A323-4B55-A3B3-E9AB48ED0BBB}.Debug|x64.ActiveCfg = Debug|x64
		{D75139AE-A323-4B55-A3B3-E9AB48ED0BBB}.Debug|x64.Build.0 = Debug|x64
		{D75139AE-A323-4B55-A3B3-E9AB48ED0BBB}.Debug|x86.ActiveCfg = Debug|Win32
		{D75139AE-A323-4B55-A3B3-E9AB48ED0BBB}.Debug|x86.Build.0 = Debug|Win32
		{D75139AE-A323-4B55-A3B3-E9AB48ED0BBB}.Release|x64.ActiveCfg = Release|x64
		{D75139AE-A323-4B55-A3B3-E9AB48ED0BBB}.Release|x64.Build.0 = Release|x64
		{D75139AE-A323-4B55-A3B3-E9AB48ED0BBB}.Release|x86.ActiveCfg = Release|Win32
		{D75139AE-A323-4B55-A3B3-E9AB48ED0BBB}.Release|x86.Build.0 = Release|Win32
		{BC85A8D1-79CA-4FEE-882F-EC47146B8AE3}.Debug|x64.ActiveCfg = Debug|x64
		{BC85A8D1-79CA-4FEE-882F-EC47146B8AE3}.Debug|x64.Build.0 = Debug|x64
		{BC85A8D1-79CA-4FEE-882F-EC47146B8AE3}.Debug|x86.ActiveCfg = Debug|Win32
		{BC85A8D1-79CA-4FEE-882F-EC47146B8AE3}.Debug|x86.Build.0 = Debug|Win32
		{BC85A8D1-79CA-4FEE-882F-EC47146B8AE3}.Release|x64.ActiveCfg = Release|x64
		{BC85A8D1-79CA-4FEE-882F-EC47146B8AE3}.Release|x64.Build.0 = Release|x64
		{BC85A8D1-79CA-4FEE-882F-EC47146B8AE3}.Release|x86.ActiveCfg = Release|Win32
		{BC85A8D1-79CA-4FEE-882F-EC47146B8AE3}.Release|x86.Build.0 = Release|Win32
		{0F87ABB3-33FF-45E5-977E-3C1FFD0B7AEF}.Debug|x64.ActiveCfg = Debug|x64
		{0F87ABB3-33FF-45E5-977E-3C1FFD0B7AEF}.Debug|x64.Build.0 = Debug|x64
		{0F87ABB3-33FF-45E5-977E-3C1FFD0B7AEF}.Debug|x86.ActiveCfg = Debug|Win32
		{0F87ABB3-33FF-45E5-977E-3C1FFD0B7AEF}.Debug|x86.Build.0 = Debug|Win32
		{0F87ABB3-33FF-45E5-977E-3C1FFD0B7AEF}.Release|x64.ActiveCfg = Release|x64
		{0F87ABB3-33FF-45E5-977E-3C1FFD0B7AEF}.Release|x64.Build.0 = Release|x64
		{0F87ABB3-33FF-45E5-977E-3C1FFD0B7AEF}.Release|x86.ActiveCfg = Release|Win32
		{0F87ABB3-33FF-45E5-977E-3C1FFD0B7AEF}.Release|x86.Build.0 = Release|Win32
		{19971D52-552D-4999-A6BD-FD84878A8A1E}.Debug|x64.ActiveCfg = Debug|x64
		{19971D52-552D-4999-A6BD-FD84878A8A1E}.Debug|x64.Build.0 = Debug|x64
		{19971D52-552D-4999-A6BD-FD84878A8A1E}.Debug|x86.ActiveCfg = Debug|Win32
		{19971D52-552D-4999-A6BD-FD84878A8A1E}.Debug|x86.Build.0 = Debug|Win32
		{19971D52-552D-4999-A6BD-FD84878A8A1E}.Release|x64.ActiveCfg = Release|x64
		{19971D52-552D-4999-A6BD-FD84878A8A1E}.Release|x64.Build.0 = Release|x64
		{19971D52-552D-4999-A6BD-FD84878A8A1E}.Release|x86.ActiveCfg = Release|Win32
		{19971D52-552D-4999-A6BD-FD84878A8A1E}.Release|x86.Build.0 = Release|Win32
		{AA65E904-74FB-47E7-B681-476E3132F748}.Debug|x64.ActiveCfg = Debug|x64
		{AA65E904-74FB-47E7-B681-476E3132F748}.Debug|x64.Build.0 = Debug|x64
		{AA65E904-74FB-47E7-B681-476E3132F748}.Debug|x86.ActiveCfg = Debug|Win32
		{AA65E904-74FB-47E7-B681-476E3132F748}.Debug|x86.Build.0 = Debug|Win32
		{AA65E904-74FB-47E7-B681-476E3132F748}.Release|x64.ActiveCfg = Release|x64
		{AA65E904-74FB-47E7-B681-476E3132F748}.Release|x64.Build.0 = Release|x64
		{AA65E904-74FB-47E7-B681-476E3132F748}.Release|x86.ActiveCfg = Release|Win32
		{AA65E904-74FB-47E7-B681-476E3132F748}.Release|x86.Build.0 = Release|Win32
		{EB20AF0B-EFE9-49EC-8F43-D534B5AA5310}.Debug|x64.ActiveCfg = Debug|x64
		{EB20AF0B-EFE9-49EC-8F43-D534B5AA5310}.Debug|x64.Build.0 = Debug|x64
		{EB20AF0B-EFE9-49EC-8F43-D534B5AA5310}.Debug|x86.ActiveCfg = Debug|Win32
		{EB20AF0B-EFE9-49EC-8F43-D534B5AA5310}.Debug|x86.Build.0 = Debug|Win32
		{EB20AF0B-EFE9-49EC-8F43-D534B5AA5310}.Release|x64.ActiveCfg = Release|x64
		{EB20AF0B-EFE9-49EC-8F43-D534B5AA5310}.Release|x64.Build.0 = Release|x64
		{EB20AF0B-EFE9-49EC-8F43-D534B5AA5310}.Release|x86.ActiveCfg = Release|Win32
		{EB20AF0B-EFE9-49EC-8F43-D534B5AA5310}.Release|x86.Build.0 = Release|Win32
		{E806BB80-0370-4F2A-9813-F264AC758936}.Debug|x64.ActiveCfg = Debug|x64
		{E806BB80-0370-4F2A-9813-F264AC758936}.Debug|x64.Build.0 = Debug|x64
		{E806BB80-0370-4F2A-9813-F264AC758936}.Debug|x86.ActiveCfg = Debug|Win32
		{E806BB80-0370-4F2A-9813-F264AC758936}.Debug|x86.Build.0 = Debug|Win32
		{E806BB80-0370-4F2A-9813-F264AC758936}.Release|x64.ActiveCfg = Release|x64
		{E806BB80-0370-4F2A-9813-F264AC758936}.Release|x64.Build.0 = Release|x64
		{E806BB80-0370-4F2A-9813-F264AC758936}.Release|x86.ActiveCfg = Release|Win32
		{E806BB80-0370-4F2A-9813-F264AC758936}.Release|x86.Build.0 = Release|Win32
		{BBD6D436-6E04-46F6-B34B-14223B7E83D2}.Debug|x64.ActiveCfg = Debug|x64
		{BBD6D436-6E04-46F6-B34B-14223B7E83D2}.Debug|x64.Build.0 = Debug|x64
		{BBD6D436-6E04-46F6-B34B-14223B7E83D2}.Debug|x86.ActiveCfg = Debug|Win32
		{BBD6D436-6E04-46F6-B34B-14223B7E83D2}.Debug|x86.Build.0 = Debug|Win32
		{BBD6D436-6E04-46F6-B34B-14223B7E83D2}.Release|x64.ActiveCfg = Release|x64
		{BBD6D436-6E04-46F6-B34B-14223B7E83D2}.Release|x64.Build.0 = Release|x64
		{BBD6D436-6E04-46F6-B34B-14223B7E83D2}.Release|x86.ActiveCfg = Release|Win32
		{BBD6D436-6E04-46F6-B34B-14223B7E83D2}.Release|x86.Build.0 = Release|Win32
		{9F5DDEB5-57D5-4A22-B9EF-3757D54BE257}.Debug|x64.ActiveCfg = Debug|x64
		{9F5DDEB5-57D5-4A22-B9EF-3757D54BE257}.Debug|x64.Build.0 = Debug|x64
		{9F5DDEB5-57D5-4A22-B9EF-3757D54BE257}.Debug|x86.ActiveCfg = Debug|Win32
		{9F5DDEB5-57D5-4A22-B9EF-3757D54BE257}.Debug|x86.Build.0 = Debug|Win32
		{9F5DDEB5-57D5-4A22-B9EF-3757D54BE257}.Release|x64.ActiveCfg = Release|x64
		{9F5DDEB5-57D5-4A22-B9EF-3757D54BE257}.Release|x64.Build.0 = Release|x64
		{9F5DDEB5-57D5-4A22-B9EF-3757D54BE257}.Release|x86.ActiveCfg = Release|Win32
		{9F5DDEB5-57D5-4A22-B9EF-3757D54BE257}.Release|x86.Build.0 = Release|Win32
		{EE7D3C1C-60FD-4370-AC88-45201C4A6047}.Debug|x64.ActiveCfg = Debug|x64
		{EE7D3C1C-60FD-4370-AC88-45201C4A6047}.Debug|x64.Build.0 = Debug|x64
		{EE7D3C1C-60FD-4370-AC88-45201C4A6047}.Debug|x86.ActiveCfg = Debug|Win32
		{EE7D3C1C-60FD-4370-AC88-45201C4A6047}.Debug|x86.Build.0 = Debug|Win32
		{EE7D3C1C-60FD-4370-AC88-45201C4A6047}.Release|x64.ActiveCfg = Release|x64
		{EE7D3C1C-60FD-4370-AC88-45201C4A6047}.Release|x64.Build.0 = Release|x64
		{EE7D3C1C-60FD-4370-AC88-45201C4A6047}.Release|x86.ActiveCfg = Release|Win32
		{EE7D3C1C-60FD-4370-AC88-45201C4A6047}.Release|x86.Build.0 = Release|Win32
		{AAA0E9ED-A6A7-4C91-8154-C16A846E6CEB}.Debug|x64.ActiveCfg = Debug|x64
		{AAA0E9ED-A6A7-4C91-8154-C16A846E6CEB}.Debug|x64.Build.0 = Debug|x64
		{AAA0E9ED-A6A7-4C91-8154-C16A846E6CEB}.Debug|x86.ActiveCfg = Debug|Win32
		{AAA0E9ED-A6A7-4C91-8154-C16A846E6CEB}.Debug|x86.Build.0 = Debug|Win32
		{AAA0E9ED-A6A7-4C91-8154-C16A846E6CEB}.Release|x64.ActiveCfg = Release|x64
		{AAA0E9ED-A6A7-4C91-8154-C16A846E6CEB}.Release|x64.Build.0 = Release|x64
		{AAA0E9ED-A6A7-4C91-8154-C16A846E6CEB}.Release|x86.ActiveCfg = Release|Win32
		{AAA0E9ED-A6A7-4C91-8154-C16A846E6CEB}.Release|x86.Build.0 = Release|Win32
	EndGlobalSection
	GlobalSection(SolutionProperties) = preSolution
		HideSolutionNode = FALSE
	EndGlobalSection
	GlobalSection(ExtensibilityGlobals) = postSolution
		SolutionGuid = {3AD9E090-588C-43B5-9796-32C3D73A10FF}
	EndGlobalSection
EndGlobal
